
Microsoft Visual Studio Solution File, Format Version 12.00
# Visual Studio Version 16
VisualStudioVersion = 16.0.30804.86
MinimumVisualStudioVersion = 10.0.40219.1
Project("{FAE04EC0-301F-11D3-BF4B-00C04F79EFBC}") = "wuauserv", "wuauserv\wuauserv.csproj", "{FD5A0BD9-99BE-41F4-98BB-626EAC588BFF}"
EndProject
Global
	GlobalSection(SolutionConfigurationPlatforms) = preSolution
		Debug|Any CPU = Debug|Any CPU
		Release|Any CPU = Release|Any CPU
	EndGlobalSection
	GlobalSection(ProjectConfigurationPlatforms) = postSolution
		{FD5A0BD9-99BE-41F4-98BB-626EAC588BFF}.Debug|Any CPU.ActiveCfg = Debug|Any CPU
		{FD5A0BD9-99BE-41F4-98BB-626EAC588BFF}.Debug|Any CPU.Build.0 = Debug|Any CPU
		{FD5A0BD9-99BE-41F4-98BB-626EAC588BFF}.Release|Any CPU.ActiveCfg = Release|Any CPU
		{FD5A0BD9-99BE-41F4-98BB-626EAC588BFF}.Release|Any CPU.Build.0 = Release|Any CPU
	EndGlobalSection
	GlobalSection(SolutionProperties) = preSolution
		HideSolutionNode = FALSE
	EndGlobalSection
	GlobalSection(ExtensibilityGlobals) = postSolution
		SolutionGuid = {C969B10C-D29A-453A-9700-51DB5B66DE0D}
	EndGlobalSection
EndGlobal
