
Microsoft Visual Studio Solution File, Format Version 12.00
# Visual Studio Version 16
VisualStudioVersion = 16.0.29505.145
MinimumVisualStudioVersion = 10.0.40219.1
Project("{9A19103F-16F7-4668-BE54-9A1E7A4F7556}") = "Magistrate.Core", "Magistrate.Core\Magistrate.Core.csproj", "{CA4619AD-13F3-4812-BE89-CFF1B6403D77}"
	ProjectSection(ProjectDependencies) = postProject
		{15CCBA37-CCD2-4524-8893-C0A2827D95B9} = {15CCBA37-CCD2-4524-8893-C0A2827D95B9}
	EndProjectSection
EndProject
Project("{FAE04EC0-301F-11D3-BF4B-00C04F79EFBC}") = "Magistrate.Windows", "Magistrate.Windows\Magistrate.Windows.csproj", "{F99D9044-30A9-4670-9B23-ADCD6D0B376A}"
EndProject
Project("{9A19103F-16F7-4668-BE54-9A1E7A4F7556}") = "Magistrate.Unix", "Magistrate.Unix\Magistrate.Unix.csproj", "{EA0FE38B-4C26-4807-A053-6998727C0702}"
EndProject
Project("{FAE04EC0-301F-11D3-BF4B-00C04F79EFBC}") = "Magistrate.BuildTools", "Magistrate.BuildTools\Magistrate.BuildTools.csproj", "{15CCBA37-CCD2-4524-8893-C0A2827D95B9}"
EndProject
Project("{FAE04EC0-301F-11D3-BF4B-00C04F79EFBC}") = "External", "ThirdParty\External\External.csproj", "{810BDF68-87BB-45A2-AC4F-87643045BF4C}"
EndProject
Project("{2150E333-8FDC-42A3-9474-1A3956D46DE8}") = "ThirdParty", "ThirdParty", "{C71E8924-6A29-4023-9430-7EEB7AB4884C}"
EndProject
Global
	GlobalSection(SolutionConfigurationPlatforms) = preSolution
		Debug|Any CPU = Debug|Any CPU
		Debug|x64 = Debug|x64
		Debug|x86 = Debug|x86
		DebugUnix|Any CPU = DebugUnix|Any CPU
		DebugUnix|x64 = DebugUnix|x64
		DebugUnix|x86 = DebugUnix|x86
		DebugWindows|Any CPU = DebugWindows|Any CPU
		DebugWindows|x64 = DebugWindows|x64
		DebugWindows|x86 = DebugWindows|x86
		Release|Any CPU = Release|Any CPU
		Release|x64 = Release|x64
		Release|x86 = Release|x86
		ReleaseUnix|Any CPU = ReleaseUnix|Any CPU
		ReleaseUnix|x64 = ReleaseUnix|x64
		ReleaseUnix|x86 = ReleaseUnix|x86
		ReleaseWindows|Any CPU = ReleaseWindows|Any CPU
		ReleaseWindows|x64 = ReleaseWindows|x64
		ReleaseWindows|x86 = ReleaseWindows|x86
	EndGlobalSection
	GlobalSection(ProjectConfigurationPlatforms) = postSolution
		{CA4619AD-13F3-4812-BE89-CFF1B6403D77}.Debug|Any CPU.ActiveCfg = Debug|Any CPU
		{CA4619AD-13F3-4812-BE89-CFF1B6403D77}.Debug|Any CPU.Build.0 = Debug|Any CPU
		{CA4619AD-13F3-4812-BE89-CFF1B6403D77}.Debug|x64.ActiveCfg = Debug|Any CPU
		{CA4619AD-13F3-4812-BE89-CFF1B6403D77}.Debug|x64.Build.0 = Debug|Any CPU
		{CA4619AD-13F3-4812-BE89-CFF1B6403D77}.Debug|x86.ActiveCfg = Debug|x86
		{CA4619AD-13F3-4812-BE89-CFF1B6403D77}.Debug|x86.Build.0 = Debug|x86
		{CA4619AD-13F3-4812-BE89-CFF1B6403D77}.DebugUnix|Any CPU.ActiveCfg = DebugUnix|Any CPU
		{CA4619AD-13F3-4812-BE89-CFF1B6403D77}.DebugUnix|Any CPU.Build.0 = DebugUnix|Any CPU
		{CA4619AD-13F3-4812-BE89-CFF1B6403D77}.DebugUnix|x64.ActiveCfg = DebugUnix|Any CPU
		{CA4619AD-13F3-4812-BE89-CFF1B6403D77}.DebugUnix|x64.Build.0 = DebugUnix|Any CPU
		{CA4619AD-13F3-4812-BE89-CFF1B6403D77}.DebugUnix|x86.ActiveCfg = DebugUnix|x86
		{CA4619AD-13F3-4812-BE89-CFF1B6403D77}.DebugUnix|x86.Build.0 = DebugUnix|x86
		{CA4619AD-13F3-4812-BE89-CFF1B6403D77}.DebugWindows|Any CPU.ActiveCfg = DebugWindows|Any CPU
		{CA4619AD-13F3-4812-BE89-CFF1B6403D77}.DebugWindows|Any CPU.Build.0 = DebugWindows|Any CPU
		{CA4619AD-13F3-4812-BE89-CFF1B6403D77}.DebugWindows|x64.ActiveCfg = DebugUnix|Any CPU
		{CA4619AD-13F3-4812-BE89-CFF1B6403D77}.DebugWindows|x64.Build.0 = DebugUnix|Any CPU
		{CA4619AD-13F3-4812-BE89-CFF1B6403D77}.DebugWindows|x86.ActiveCfg = DebugWindows|x86
		{CA4619AD-13F3-4812-BE89-CFF1B6403D77}.DebugWindows|x86.Build.0 = DebugWindows|x86
		{CA4619AD-13F3-4812-BE89-CFF1B6403D77}.Release|Any CPU.ActiveCfg = Release|Any CPU
		{CA4619AD-13F3-4812-BE89-CFF1B6403D77}.Release|Any CPU.Build.0 = Release|Any CPU
		{CA4619AD-13F3-4812-BE89-CFF1B6403D77}.Release|x64.ActiveCfg = Release|Any CPU
		{CA4619AD-13F3-4812-BE89-CFF1B6403D77}.Release|x64.Build.0 = Release|Any CPU
		{CA4619AD-13F3-4812-BE89-CFF1B6403D77}.Release|x86.ActiveCfg = Release|x86
		{CA4619AD-13F3-4812-BE89-CFF1B6403D77}.Release|x86.Build.0 = Release|x86
		{CA4619AD-13F3-4812-BE89-CFF1B6403D77}.ReleaseUnix|Any CPU.ActiveCfg = ReleaseUnix|Any CPU
		{CA4619AD-13F3-4812-BE89-CFF1B6403D77}.ReleaseUnix|Any CPU.Build.0 = ReleaseUnix|Any CPU
		{CA4619AD-13F3-4812-BE89-CFF1B6403D77}.ReleaseUnix|x64.ActiveCfg = ReleaseUnix|Any CPU
		{CA4619AD-13F3-4812-BE89-CFF1B6403D77}.ReleaseUnix|x64.Build.0 = ReleaseUnix|Any CPU
		{CA4619AD-13F3-4812-BE89-CFF1B6403D77}.ReleaseUnix|x86.ActiveCfg = ReleaseUnix|x86
		{CA4619AD-13F3-4812-BE89-CFF1B6403D77}.ReleaseUnix|x86.Build.0 = ReleaseUnix|x86
		{CA4619AD-13F3-4812-BE89-CFF1B6403D77}.ReleaseWindows|Any CPU.ActiveCfg = ReleaseWindows|Any CPU
		{CA4619AD-13F3-4812-BE89-CFF1B6403D77}.ReleaseWindows|Any CPU.Build.0 = ReleaseWindows|Any CPU
		{CA4619AD-13F3-4812-BE89-CFF1B6403D77}.ReleaseWindows|x64.ActiveCfg = ReleaseWindows|Any CPU
		{CA4619AD-13F3-4812-BE89-CFF1B6403D77}.ReleaseWindows|x64.Build.0 = ReleaseWindows|Any CPU
		{CA4619AD-13F3-4812-BE89-CFF1B6403D77}.ReleaseWindows|x86.ActiveCfg = ReleaseWindows|x86
		{CA4619AD-13F3-4812-BE89-CFF1B6403D77}.ReleaseWindows|x86.Build.0 = ReleaseWindows|x86
		{F99D9044-30A9-4670-9B23-ADCD6D0B376A}.Debug|Any CPU.ActiveCfg = Debug|Any CPU
		{F99D9044-30A9-4670-9B23-ADCD6D0B376A}.Debug|Any CPU.Build.0 = Debug|Any CPU
		{F99D9044-30A9-4670-9B23-ADCD6D0B376A}.Debug|x64.ActiveCfg = Debug|Any CPU
		{F99D9044-30A9-4670-9B23-ADCD6D0B376A}.Debug|x64.Build.0 = Debug|Any CPU
		{F99D9044-30A9-4670-9B23-ADCD6D0B376A}.Debug|x86.ActiveCfg = Debug|x86
		{F99D9044-30A9-4670-9B23-ADCD6D0B376A}.Debug|x86.Build.0 = Debug|x86
		{F99D9044-30A9-4670-9B23-ADCD6D0B376A}.DebugUnix|Any CPU.ActiveCfg = DebugUnix|Any CPU
		{F99D9044-30A9-4670-9B23-ADCD6D0B376A}.DebugUnix|Any CPU.Build.0 = DebugUnix|Any CPU
		{F99D9044-30A9-4670-9B23-ADCD6D0B376A}.DebugUnix|x64.ActiveCfg = DebugUnix|Any CPU
		{F99D9044-30A9-4670-9B23-ADCD6D0B376A}.DebugUnix|x64.Build.0 = DebugUnix|Any CPU
		{F99D9044-30A9-4670-9B23-ADCD6D0B376A}.DebugUnix|x86.ActiveCfg = DebugUnix|x86
		{F99D9044-30A9-4670-9B23-ADCD6D0B376A}.DebugUnix|x86.Build.0 = DebugUnix|x86
		{F99D9044-30A9-4670-9B23-ADCD6D0B376A}.DebugWindows|Any CPU.ActiveCfg = DebugWindows|Any CPU
		{F99D9044-30A9-4670-9B23-ADCD6D0B376A}.DebugWindows|Any CPU.Build.0 = DebugWindows|Any CPU
		{F99D9044-30A9-4670-9B23-ADCD6D0B376A}.DebugWindows|x64.ActiveCfg = DebugUnix|Any CPU
		{F99D9044-30A9-4670-9B23-ADCD6D0B376A}.DebugWindows|x64.Build.0 = DebugUnix|Any CPU
		{F99D9044-30A9-4670-9B23-ADCD6D0B376A}.DebugWindows|x86.ActiveCfg = DebugWindows|x86
		{F99D9044-30A9-4670-9B23-ADCD6D0B376A}.DebugWindows|x86.Build.0 = DebugWindows|x86
		{F99D9044-30A9-4670-9B23-ADCD6D0B376A}.Release|Any CPU.ActiveCfg = Release|Any CPU
		{F99D9044-30A9-4670-9B23-ADCD6D0B376A}.Release|Any CPU.Build.0 = Release|Any CPU
		{F99D9044-30A9-4670-9B23-ADCD6D0B376A}.Release|x64.ActiveCfg = Release|Any CPU
		{F99D9044-30A9-4670-9B23-ADCD6D0B376A}.Release|x64.Build.0 = Release|Any CPU
		{F99D9044-30A9-4670-9B23-ADCD6D0B376A}.Release|x86.ActiveCfg = Release|x86
		{F99D9044-30A9-4670-9B23-ADCD6D0B376A}.Release|x86.Build.0 = Release|x86
		{F99D9044-30A9-4670-9B23-ADCD6D0B376A}.ReleaseUnix|Any CPU.ActiveCfg = ReleaseUnix|Any CPU
		{F99D9044-30A9-4670-9B23-ADCD6D0B376A}.ReleaseUnix|Any CPU.Build.0 = ReleaseUnix|Any CPU
		{F99D9044-30A9-4670-9B23-ADCD6D0B376A}.ReleaseUnix|x64.ActiveCfg = ReleaseUnix|Any CPU
		{F99D9044-30A9-4670-9B23-ADCD6D0B376A}.ReleaseUnix|x64.Build.0 = ReleaseUnix|Any CPU
		{F99D9044-30A9-4670-9B23-ADCD6D0B376A}.ReleaseUnix|x86.ActiveCfg = ReleaseUnix|x86
		{F99D9044-30A9-4670-9B23-ADCD6D0B376A}.ReleaseUnix|x86.Build.0 = ReleaseUnix|x86
		{F99D9044-30A9-4670-9B23-ADCD6D0B376A}.ReleaseWindows|Any CPU.ActiveCfg = ReleaseWindows|Any CPU
		{F99D9044-30A9-4670-9B23-ADCD6D0B376A}.ReleaseWindows|Any CPU.Build.0 = ReleaseWindows|Any CPU
		{F99D9044-30A9-4670-9B23-ADCD6D0B376A}.ReleaseWindows|x64.ActiveCfg = ReleaseWindows|Any CPU
		{F99D9044-30A9-4670-9B23-ADCD6D0B376A}.ReleaseWindows|x64.Build.0 = ReleaseWindows|Any CPU
		{F99D9044-30A9-4670-9B23-ADCD6D0B376A}.ReleaseWindows|x86.ActiveCfg = ReleaseWindows|x86
		{F99D9044-30A9-4670-9B23-ADCD6D0B376A}.ReleaseWindows|x86.Build.0 = ReleaseWindows|x86
		{EA0FE38B-4C26-4807-A053-6998727C0702}.Debug|Any CPU.ActiveCfg = Debug|Any CPU
		{EA0FE38B-4C26-4807-A053-6998727C0702}.Debug|Any CPU.Build.0 = Debug|Any CPU
		{EA0FE38B-4C26-4807-A053-6998727C0702}.Debug|x64.ActiveCfg = Debug|Any CPU
		{EA0FE38B-4C26-4807-A053-6998727C0702}.Debug|x64.Build.0 = Debug|Any CPU
		{EA0FE38B-4C26-4807-A053-6998727C0702}.Debug|x86.ActiveCfg = Debug|x86
		{EA0FE38B-4C26-4807-A053-6998727C0702}.Debug|x86.Build.0 = Debug|x86
		{EA0FE38B-4C26-4807-A053-6998727C0702}.DebugUnix|Any CPU.ActiveCfg = DebugUnix|Any CPU
		{EA0FE38B-4C26-4807-A053-6998727C0702}.DebugUnix|Any CPU.Build.0 = DebugUnix|Any CPU
		{EA0FE38B-4C26-4807-A053-6998727C0702}.DebugUnix|x64.ActiveCfg = DebugUnix|Any CPU
		{EA0FE38B-4C26-4807-A053-6998727C0702}.DebugUnix|x64.Build.0 = DebugUnix|Any CPU
		{EA0FE38B-4C26-4807-A053-6998727C0702}.DebugUnix|x86.ActiveCfg = DebugUnix|x86
		{EA0FE38B-4C26-4807-A053-6998727C0702}.DebugUnix|x86.Build.0 = DebugUnix|x86
		{EA0FE38B-4C26-4807-A053-6998727C0702}.DebugWindows|Any CPU.ActiveCfg = DebugWindows|Any CPU
		{EA0FE38B-4C26-4807-A053-6998727C0702}.DebugWindows|Any CPU.Build.0 = DebugWindows|Any CPU
		{EA0FE38B-4C26-4807-A053-6998727C0702}.DebugWindows|x64.ActiveCfg = DebugUnix|Any CPU
		{EA0FE38B-4C26-4807-A053-6998727C0702}.DebugWindows|x64.Build.0 = DebugUnix|Any CPU
		{EA0FE38B-4C26-4807-A053-6998727C0702}.DebugWindows|x86.ActiveCfg = DebugWindows|x86
		{EA0FE38B-4C26-4807-A053-6998727C0702}.DebugWindows|x86.Build.0 = DebugWindows|x86
		{EA0FE38B-4C26-4807-A053-6998727C0702}.Release|Any CPU.ActiveCfg = Release|Any CPU
		{EA0FE38B-4C26-4807-A053-6998727C0702}.Release|Any CPU.Build.0 = Release|Any CPU
		{EA0FE38B-4C26-4807-A053-6998727C0702}.Release|x64.ActiveCfg = Release|Any CPU
		{EA0FE38B-4C26-4807-A053-6998727C0702}.Release|x64.Build.0 = Release|Any CPU
		{EA0FE38B-4C26-4807-A053-6998727C0702}.Release|x86.ActiveCfg = Release|x86
		{EA0FE38B-4C26-4807-A053-6998727C0702}.Release|x86.Build.0 = Release|x86
		{EA0FE38B-4C26-4807-A053-6998727C0702}.ReleaseUnix|Any CPU.ActiveCfg = ReleaseUnix|Any CPU
		{EA0FE38B-4C26-4807-A053-6998727C0702}.ReleaseUnix|Any CPU.Build.0 = ReleaseUnix|Any CPU
		{EA0FE38B-4C26-4807-A053-6998727C0702}.ReleaseUnix|x64.ActiveCfg = ReleaseUnix|Any CPU
		{EA0FE38B-4C26-4807-A053-6998727C0702}.ReleaseUnix|x64.Build.0 = ReleaseUnix|Any CPU
		{EA0FE38B-4C26-4807-A053-6998727C0702}.ReleaseUnix|x86.ActiveCfg = ReleaseUnix|x86
		{EA0FE38B-4C26-4807-A053-6998727C0702}.ReleaseUnix|x86.Build.0 = ReleaseUnix|x86
		{EA0FE38B-4C26-4807-A053-6998727C0702}.ReleaseWindows|Any CPU.ActiveCfg = ReleaseWindows|Any CPU
		{EA0FE38B-4C26-4807-A053-6998727C0702}.ReleaseWindows|Any CPU.Build.0 = ReleaseWindows|Any CPU
		{EA0FE38B-4C26-4807-A053-6998727C0702}.ReleaseWindows|x64.ActiveCfg = ReleaseWindows|Any CPU
		{EA0FE38B-4C26-4807-A053-6998727C0702}.ReleaseWindows|x64.Build.0 = ReleaseWindows|Any CPU
		{EA0FE38B-4C26-4807-A053-6998727C0702}.ReleaseWindows|x86.ActiveCfg = ReleaseWindows|x86
		{EA0FE38B-4C26-4807-A053-6998727C0702}.ReleaseWindows|x86.Build.0 = ReleaseWindows|x86
		{15CCBA37-CCD2-4524-8893-C0A2827D95B9}.Debug|Any CPU.ActiveCfg = Debug|Any CPU
		{15CCBA37-CCD2-4524-8893-C0A2827D95B9}.Debug|Any CPU.Build.0 = Debug|Any CPU
		{15CCBA37-CCD2-4524-8893-C0A2827D95B9}.Debug|x64.ActiveCfg = Debug|Any CPU
		{15CCBA37-CCD2-4524-8893-C0A2827D95B9}.Debug|x64.Build.0 = Debug|Any CPU
		{15CCBA37-CCD2-4524-8893-C0A2827D95B9}.Debug|x86.ActiveCfg = Debug|x86
		{15CCBA37-CCD2-4524-8893-C0A2827D95B9}.Debug|x86.Build.0 = Debug|x86
		{15CCBA37-CCD2-4524-8893-C0A2827D95B9}.DebugUnix|Any CPU.ActiveCfg = DebugUnix|Any CPU
		{15CCBA37-CCD2-4524-8893-C0A2827D95B9}.DebugUnix|Any CPU.Build.0 = DebugUnix|Any CPU
		{15CCBA37-CCD2-4524-8893-C0A2827D95B9}.DebugUnix|x64.ActiveCfg = DebugUnix|Any CPU
		{15CCBA37-CCD2-4524-8893-C0A2827D95B9}.DebugUnix|x64.Build.0 = DebugUnix|Any CPU
		{15CCBA37-CCD2-4524-8893-C0A2827D95B9}.DebugUnix|x86.ActiveCfg = DebugUnix|x86
		{15CCBA37-CCD2-4524-8893-C0A2827D95B9}.DebugUnix|x86.Build.0 = DebugUnix|x86
		{15CCBA37-CCD2-4524-8893-C0A2827D95B9}.DebugWindows|Any CPU.ActiveCfg = DebugWindows|Any CPU
		{15CCBA37-CCD2-4524-8893-C0A2827D95B9}.DebugWindows|Any CPU.Build.0 = DebugWindows|Any CPU
		{15CCBA37-CCD2-4524-8893-C0A2827D95B9}.DebugWindows|x64.ActiveCfg = DebugUnix|Any CPU
		{15CCBA37-CCD2-4524-8893-C0A2827D95B9}.DebugWindows|x64.Build.0 = DebugUnix|Any CPU
		{15CCBA37-CCD2-4524-8893-C0A2827D95B9}.DebugWindows|x86.ActiveCfg = DebugWindows|x86
		{15CCBA37-CCD2-4524-8893-C0A2827D95B9}.DebugWindows|x86.Build.0 = DebugWindows|x86
		{15CCBA37-CCD2-4524-8893-C0A2827D95B9}.Release|Any CPU.ActiveCfg = Release|Any CPU
		{15CCBA37-CCD2-4524-8893-C0A2827D95B9}.Release|Any CPU.Build.0 = Release|Any CPU
		{15CCBA37-CCD2-4524-8893-C0A2827D95B9}.Release|x64.ActiveCfg = Release|Any CPU
		{15CCBA37-CCD2-4524-8893-C0A2827D95B9}.Release|x64.Build.0 = Release|Any CPU
		{15CCBA37-CCD2-4524-8893-C0A2827D95B9}.Release|x86.ActiveCfg = Release|x86
		{15CCBA37-CCD2-4524-8893-C0A2827D95B9}.Release|x86.Build.0 = Release|x86
		{15CCBA37-CCD2-4524-8893-C0A2827D95B9}.ReleaseUnix|Any CPU.ActiveCfg = ReleaseUnix|Any CPU
		{15CCBA37-CCD2-4524-8893-C0A2827D95B9}.ReleaseUnix|Any CPU.Build.0 = ReleaseUnix|Any CPU
		{15CCBA37-CCD2-4524-8893-C0A2827D95B9}.ReleaseUnix|x64.ActiveCfg = ReleaseUnix|Any CPU
		{15CCBA37-CCD2-4524-8893-C0A2827D95B9}.ReleaseUnix|x64.Build.0 = ReleaseUnix|Any CPU
		{15CCBA37-CCD2-4524-8893-C0A2827D95B9}.ReleaseUnix|x86.ActiveCfg = ReleaseUnix|x86
		{15CCBA37-CCD2-4524-8893-C0A2827D95B9}.ReleaseUnix|x86.Build.0 = ReleaseUnix|x86
		{15CCBA37-CCD2-4524-8893-C0A2827D95B9}.ReleaseWindows|Any CPU.ActiveCfg = ReleaseWindows|Any CPU
		{15CCBA37-CCD2-4524-8893-C0A2827D95B9}.ReleaseWindows|Any CPU.Build.0 = ReleaseWindows|Any CPU
		{15CCBA37-CCD2-4524-8893-C0A2827D95B9}.ReleaseWindows|x64.ActiveCfg = ReleaseWindows|Any CPU
		{15CCBA37-CCD2-4524-8893-C0A2827D95B9}.ReleaseWindows|x64.Build.0 = ReleaseWindows|Any CPU
		{15CCBA37-CCD2-4524-8893-C0A2827D95B9}.ReleaseWindows|x86.ActiveCfg = ReleaseWindows|x86
		{15CCBA37-CCD2-4524-8893-C0A2827D95B9}.ReleaseWindows|x86.Build.0 = ReleaseWindows|x86
		{810BDF68-87BB-45A2-AC4F-87643045BF4C}.Debug|Any CPU.ActiveCfg = Debug|Any CPU
		{810BDF68-87BB-45A2-AC4F-87643045BF4C}.Debug|Any CPU.Build.0 = Debug|Any CPU
		{810BDF68-87BB-45A2-AC4F-87643045BF4C}.Debug|x64.ActiveCfg = Debug|x64
		{810BDF68-87BB-45A2-AC4F-87643045BF4C}.Debug|x64.Build.0 = Debug|x64
		{810BDF68-87BB-45A2-AC4F-87643045BF4C}.Debug|x86.ActiveCfg = Debug|x86
		{810BDF68-87BB-45A2-AC4F-87643045BF4C}.Debug|x86.Build.0 = Debug|x86
		{810BDF68-87BB-45A2-AC4F-87643045BF4C}.DebugUnix|Any CPU.ActiveCfg = Debug|Any CPU
		{810BDF68-87BB-45A2-AC4F-87643045BF4C}.DebugUnix|Any CPU.Build.0 = Debug|Any CPU
		{810BDF68-87BB-45A2-AC4F-87643045BF4C}.DebugUnix|x64.ActiveCfg = Debug|x64
		{810BDF68-87BB-45A2-AC4F-87643045BF4C}.DebugUnix|x64.Build.0 = Debug|x64
		{810BDF68-87BB-45A2-AC4F-87643045BF4C}.DebugUnix|x86.ActiveCfg = Debug|x86
		{810BDF68-87BB-45A2-AC4F-87643045BF4C}.DebugUnix|x86.Build.0 = Debug|x86
		{810BDF68-87BB-45A2-AC4F-87643045BF4C}.DebugWindows|Any CPU.ActiveCfg = Debug|Any CPU
		{810BDF68-87BB-45A2-AC4F-87643045BF4C}.DebugWindows|Any CPU.Build.0 = Debug|Any CPU
		{810BDF68-87BB-45A2-AC4F-87643045BF4C}.DebugWindows|x64.ActiveCfg = Debug|x64
		{810BDF68-87BB-45A2-AC4F-87643045BF4C}.DebugWindows|x64.Build.0 = Debug|x64
		{810BDF68-87BB-45A2-AC4F-87643045BF4C}.DebugWindows|x86.ActiveCfg = Debug|x86
		{810BDF68-87BB-45A2-AC4F-87643045BF4C}.DebugWindows|x86.Build.0 = Debug|x86
		{810BDF68-87BB-45A2-AC4F-87643045BF4C}.Release|Any CPU.ActiveCfg = Release|Any CPU
		{810BDF68-87BB-45A2-AC4F-87643045BF4C}.Release|Any CPU.Build.0 = Release|Any CPU
		{810BDF68-87BB-45A2-AC4F-87643045BF4C}.Release|x64.ActiveCfg = Release|x64
		{810BDF68-87BB-45A2-AC4F-87643045BF4C}.Release|x64.Build.0 = Release|x64
		{810BDF68-87BB-45A2-AC4F-87643045BF4C}.Release|x86.ActiveCfg = Release|x86
		{810BDF68-87BB-45A2-AC4F-87643045BF4C}.Release|x86.Build.0 = Release|x86
		{810BDF68-87BB-45A2-AC4F-87643045BF4C}.ReleaseUnix|Any CPU.ActiveCfg = Release|Any CPU
		{810BDF68-87BB-45A2-AC4F-87643045BF4C}.ReleaseUnix|Any CPU.Build.0 = Release|Any CPU
		{810BDF68-87BB-45A2-AC4F-87643045BF4C}.ReleaseUnix|x64.ActiveCfg = Release|x64
		{810BDF68-87BB-45A2-AC4F-87643045BF4C}.ReleaseUnix|x64.Build.0 = Release|x64
		{810BDF68-87BB-45A2-AC4F-87643045BF4C}.ReleaseUnix|x86.ActiveCfg = Release|x86
		{810BDF68-87BB-45A2-AC4F-87643045BF4C}.ReleaseUnix|x86.Build.0 = Release|x86
		{810BDF68-87BB-45A2-AC4F-87643045BF4C}.ReleaseWindows|Any CPU.ActiveCfg = Release|Any CPU
		{810BDF68-87BB-45A2-AC4F-87643045BF4C}.ReleaseWindows|Any CPU.Build.0 = Release|Any CPU
		{810BDF68-87BB-45A2-AC4F-87643045BF4C}.ReleaseWindows|x64.ActiveCfg = Release|x64
		{810BDF68-87BB-45A2-AC4F-87643045BF4C}.ReleaseWindows|x64.Build.0 = Release|x64
		{810BDF68-87BB-45A2-AC4F-87643045BF4C}.ReleaseWindows|x86.ActiveCfg = Release|x86
		{810BDF68-87BB-45A2-AC4F-87643045BF4C}.ReleaseWindows|x86.Build.0 = Release|x86
	EndGlobalSection
	GlobalSection(SolutionProperties) = preSolution
		HideSolutionNode = FALSE
	EndGlobalSection
	GlobalSection(NestedProjects) = preSolution
		{810BDF68-87BB-45A2-AC4F-87643045BF4C} = {C71E8924-6A29-4023-9430-7EEB7AB4884C}
	EndGlobalSection
	GlobalSection(ExtensibilityGlobals) = postSolution
		SolutionGuid = {D9AE4FF0-C854-4E63-9E28-1F6FADFE16D0}
	EndGlobalSection
EndGlobal
